
Microsoft Visual Studio Solution File, Format Version 12.00
# Visual Studio Version 17
VisualStudioVersion = 17.9.34622.214
MinimumVisualStudioVersion = 10.0.40219.1
Project("{FAE04EC0-301F-11D3-BF4B-00C04F79EFBC}") = "Roomerang.Server", "Roomerang.Server\Roomerang.Server.csproj", "{4A1B0074-DCE6-4076-8C80-05AC592744CA}"
EndProject
Project("{54A90642-561A-4BB1-A94E-469ADEE60C69}") = "roomerang.client", "roomerang.client\roomerang.client.esproj", "{8CD55338-4973-484B-A0F5-840CD8FF51BA}"
EndProject
Global
	GlobalSection(SolutionConfigurationPlatforms) = preSolution
		Debug|Any CPU = Debug|Any CPU
		Release|Any CPU = Release|Any CPU
	EndGlobalSection
	GlobalSection(ProjectConfigurationPlatforms) = postSolution
		{4A1B0074-DCE6-4076-8C80-05AC592744CA}.Debug|Any CPU.ActiveCfg = Debug|Any CPU
		{4A1B0074-DCE6-4076-8C80-05AC592744CA}.Debug|Any CPU.Build.0 = Debug|Any CPU
		{4A1B0074-DCE6-4076-8C80-05AC592744CA}.Release|Any CPU.ActiveCfg = Release|Any CPU
		{4A1B0074-DCE6-4076-8C80-05AC592744CA}.Release|Any CPU.Build.0 = Release|Any CPU
		{8CD55338-4973-484B-A0F5-840CD8FF51BA}.Debug|Any CPU.ActiveCfg = Debug|Any CPU
		{8CD55338-4973-484B-A0F5-840CD8FF51BA}.Debug|Any CPU.Build.0 = Debug|Any CPU
		{8CD55338-4973-484B-A0F5-840CD8FF51BA}.Debug|Any CPU.Deploy.0 = Debug|Any CPU
		{8CD55338-4973-484B-A0F5-840CD8FF51BA}.Release|Any CPU.ActiveCfg = Release|Any CPU
		{8CD55338-4973-484B-A0F5-840CD8FF51BA}.Release|Any CPU.Build.0 = Release|Any CPU
		{8CD55338-4973-484B-A0F5-840CD8FF51BA}.Release|Any CPU.Deploy.0 = Release|Any CPU
	EndGlobalSection
	GlobalSection(SolutionProperties) = preSolution
		HideSolutionNode = FALSE
	EndGlobalSection
	GlobalSection(ExtensibilityGlobals) = postSolution
		SolutionGuid = {C258BCA4-E155-4DBD-8F36-427D2779BDC6}
	EndGlobalSection
EndGlobal
